// !$*UTF8*$!
{
	archiveVersion = 1;
	classes = {
	};
	objectVersion = 55;
	objects = {

/* Begin PBXBuildFile section */
		FE1EA3BC290832DE008FEDC2 /* Dashboard-Extension.swift in Sources */ = {isa = PBXBuildFile; fileRef = FE1EA3BB290832DE008FEDC2 /* Dashboard-Extension.swift */; };
		FE1EA3C32908373B008FEDC2 /* TicketTableViewCell.swift in Sources */ = {isa = PBXBuildFile; fileRef = FE1EA3C12908373B008FEDC2 /* TicketTableViewCell.swift */; };
		FE1EA3C42908373B008FEDC2 /* TicketTableViewCell.xib in Resources */ = {isa = PBXBuildFile; fileRef = FE1EA3C22908373B008FEDC2 /* TicketTableViewCell.xib */; };
		FE1EA3C629089595008FEDC2 /* DashboardViewModel.swift in Sources */ = {isa = PBXBuildFile; fileRef = FE1EA3C529089595008FEDC2 /* DashboardViewModel.swift */; };
		FE1EA3C929089DBE008FEDC2 /* NewTicketViewController.swift in Sources */ = {isa = PBXBuildFile; fileRef = FE1EA3C829089DBE008FEDC2 /* NewTicketViewController.swift */; };
		FE1EA3CB29095C10008FEDC2 /* ExtensionInt.swift in Sources */ = {isa = PBXBuildFile; fileRef = FE1EA3CA29095C10008FEDC2 /* ExtensionInt.swift */; };
		FE1EA3CD29095C1B008FEDC2 /* ExtensionDate.swift in Sources */ = {isa = PBXBuildFile; fileRef = FE1EA3CC29095C1B008FEDC2 /* ExtensionDate.swift */; };
		FE1EA3D42909EFDE008FEDC2 /* CalendarViewController.swift in Sources */ = {isa = PBXBuildFile; fileRef = FE1EA3D32909EFDE008FEDC2 /* CalendarViewController.swift */; };
		FE6583792906DCEE00D11028 /* AppDelegate.swift in Sources */ = {isa = PBXBuildFile; fileRef = FE6583782906DCEE00D11028 /* AppDelegate.swift */; };
		FE65837B2906DCEE00D11028 /* SceneDelegate.swift in Sources */ = {isa = PBXBuildFile; fileRef = FE65837A2906DCEE00D11028 /* SceneDelegate.swift */; };
		FE65837D2906DCEE00D11028 /* LoginViewController.swift in Sources */ = {isa = PBXBuildFile; fileRef = FE65837C2906DCEE00D11028 /* LoginViewController.swift */; };
		FE6583802906DCEE00D11028 /* Main.storyboard in Resources */ = {isa = PBXBuildFile; fileRef = FE65837E2906DCEE00D11028 /* Main.storyboard */; };
		FE6583822906DCEF00D11028 /* Assets.xcassets in Resources */ = {isa = PBXBuildFile; fileRef = FE6583812906DCEF00D11028 /* Assets.xcassets */; };
		FE6583852906DCEF00D11028 /* LaunchScreen.storyboard in Resources */ = {isa = PBXBuildFile; fileRef = FE6583832906DCEF00D11028 /* LaunchScreen.storyboard */; };
		FE65838E2906DD5C00D11028 /* SQLite in Frameworks */ = {isa = PBXBuildFile; productRef = FE65838D2906DD5C00D11028 /* SQLite */; };
		FE6583922906E15700D11028 /* Ticket.swift in Sources */ = {isa = PBXBuildFile; fileRef = FE6583912906E15700D11028 /* Ticket.swift */; };
		FE6583942906E3D600D11028 /* SQLiteStore.swift in Sources */ = {isa = PBXBuildFile; fileRef = FE6583932906E3D600D11028 /* SQLiteStore.swift */; };
		FE6583962906E99100D11028 /* SQLiteStore-Extension.swift in Sources */ = {isa = PBXBuildFile; fileRef = FE6583952906E99100D11028 /* SQLiteStore-Extension.swift */; };
		FE65839C29073ADA00D11028 /* LoginView-Extension.swift in Sources */ = {isa = PBXBuildFile; fileRef = FE65839B29073ADA00D11028 /* LoginView-Extension.swift */; };
		FE65839F2907402F00D11028 /* DesignableUITextField.swift in Sources */ = {isa = PBXBuildFile; fileRef = FE65839E2907402F00D11028 /* DesignableUITextField.swift */; };
		FE6583A1290743B200D11028 /* LoginViewModel.swift in Sources */ = {isa = PBXBuildFile; fileRef = FE6583A0290743B200D11028 /* LoginViewModel.swift */; };
		FE6583A729074C0D00D11028 /* ExtensionUIViewController.swift in Sources */ = {isa = PBXBuildFile; fileRef = FE6583A629074C0D00D11028 /* ExtensionUIViewController.swift */; };
		FE6583AA29074F3D00D11028 /* LoginInteractor.swift in Sources */ = {isa = PBXBuildFile; fileRef = FE6583A929074F3D00D11028 /* LoginInteractor.swift */; };
		FE6583AD29074F6D00D11028 /* LoginAPI.swift in Sources */ = {isa = PBXBuildFile; fileRef = FE6583AC29074F6D00D11028 /* LoginAPI.swift */; };
		FE6583AF290750AF00D11028 /* Dashboard.storyboard in Resources */ = {isa = PBXBuildFile; fileRef = FE6583AE290750AF00D11028 /* Dashboard.storyboard */; };
		FE6583B22907515000D11028 /* DashboardViewController.swift in Sources */ = {isa = PBXBuildFile; fileRef = FE6583B12907515000D11028 /* DashboardViewController.swift */; };
/* End PBXBuildFile section */

/* Begin PBXFileReference section */
		FE1EA3BB290832DE008FEDC2 /* Dashboard-Extension.swift */ = {isa = PBXFileReference; lastKnownFileType = sourcecode.swift; path = "Dashboard-Extension.swift"; sourceTree = "<group>"; };
		FE1EA3C12908373B008FEDC2 /* TicketTableViewCell.swift */ = {isa = PBXFileReference; lastKnownFileType = sourcecode.swift; path = TicketTableViewCell.swift; sourceTree = "<group>"; };
		FE1EA3C22908373B008FEDC2 /* TicketTableViewCell.xib */ = {isa = PBXFileReference; lastKnownFileType = file.xib; path = TicketTableViewCell.xib; sourceTree = "<group>"; };
		FE1EA3C529089595008FEDC2 /* DashboardViewModel.swift */ = {isa = PBXFileReference; lastKnownFileType = sourcecode.swift; path = DashboardViewModel.swift; sourceTree = "<group>"; };
		FE1EA3C829089DBE008FEDC2 /* NewTicketViewController.swift */ = {isa = PBXFileReference; lastKnownFileType = sourcecode.swift; path = NewTicketViewController.swift; sourceTree = "<group>"; };
		FE1EA3CA29095C10008FEDC2 /* ExtensionInt.swift */ = {isa = PBXFileReference; lastKnownFileType = sourcecode.swift; path = ExtensionInt.swift; sourceTree = "<group>"; };
		FE1EA3CC29095C1B008FEDC2 /* ExtensionDate.swift */ = {isa = PBXFileReference; lastKnownFileType = sourcecode.swift; path = ExtensionDate.swift; sourceTree = "<group>"; };
		FE1EA3D32909EFDE008FEDC2 /* CalendarViewController.swift */ = {isa = PBXFileReference; lastKnownFileType = sourcecode.swift; path = CalendarViewController.swift; sourceTree = "<group>"; };
		FE6583752906DCEE00D11028 /* WorkTicket.app */ = {isa = PBXFileReference; explicitFileType = wrapper.application; includeInIndex = 0; path = WorkTicket.app; sourceTree = BUILT_PRODUCTS_DIR; };
		FE6583782906DCEE00D11028 /* AppDelegate.swift */ = {isa = PBXFileReference; lastKnownFileType = sourcecode.swift; path = AppDelegate.swift; sourceTree = "<group>"; };
		FE65837A2906DCEE00D11028 /* SceneDelegate.swift */ = {isa = PBXFileReference; lastKnownFileType = sourcecode.swift; path = SceneDelegate.swift; sourceTree = "<group>"; };
		FE65837C2906DCEE00D11028 /* LoginViewController.swift */ = {isa = PBXFileReference; lastKnownFileType = sourcecode.swift; path = LoginViewController.swift; sourceTree = "<group>"; };
		FE65837F2906DCEE00D11028 /* Base */ = {isa = PBXFileReference; lastKnownFileType = file.storyboard; name = Base; path = Base.lproj/Main.storyboard; sourceTree = "<group>"; };
		FE6583812906DCEF00D11028 /* Assets.xcassets */ = {isa = PBXFileReference; lastKnownFileType = folder.assetcatalog; path = Assets.xcassets; sourceTree = "<group>"; };
		FE6583842906DCEF00D11028 /* Base */ = {isa = PBXFileReference; lastKnownFileType = file.storyboard; name = Base; path = Base.lproj/LaunchScreen.storyboard; sourceTree = "<group>"; };
		FE6583862906DCEF00D11028 /* Info.plist */ = {isa = PBXFileReference; lastKnownFileType = text.plist.xml; path = Info.plist; sourceTree = "<group>"; };
		FE6583912906E15700D11028 /* Ticket.swift */ = {isa = PBXFileReference; lastKnownFileType = sourcecode.swift; path = Ticket.swift; sourceTree = "<group>"; };
		FE6583932906E3D600D11028 /* SQLiteStore.swift */ = {isa = PBXFileReference; lastKnownFileType = sourcecode.swift; path = SQLiteStore.swift; sourceTree = "<group>"; };
		FE6583952906E99100D11028 /* SQLiteStore-Extension.swift */ = {isa = PBXFileReference; lastKnownFileType = sourcecode.swift; path = "SQLiteStore-Extension.swift"; sourceTree = "<group>"; };
		FE65839B29073ADA00D11028 /* LoginView-Extension.swift */ = {isa = PBXFileReference; lastKnownFileType = sourcecode.swift; path = "LoginView-Extension.swift"; sourceTree = "<group>"; };
		FE65839E2907402F00D11028 /* DesignableUITextField.swift */ = {isa = PBXFileReference; lastKnownFileType = sourcecode.swift; path = DesignableUITextField.swift; sourceTree = "<group>"; };
		FE6583A0290743B200D11028 /* LoginViewModel.swift */ = {isa = PBXFileReference; lastKnownFileType = sourcecode.swift; path = LoginViewModel.swift; sourceTree = "<group>"; };
		FE6583A629074C0D00D11028 /* ExtensionUIViewController.swift */ = {isa = PBXFileReference; lastKnownFileType = sourcecode.swift; path = ExtensionUIViewController.swift; sourceTree = "<group>"; };
		FE6583A929074F3D00D11028 /* LoginInteractor.swift */ = {isa = PBXFileReference; lastKnownFileType = sourcecode.swift; path = LoginInteractor.swift; sourceTree = "<group>"; };
		FE6583AC29074F6D00D11028 /* LoginAPI.swift */ = {isa = PBXFileReference; lastKnownFileType = sourcecode.swift; path = LoginAPI.swift; sourceTree = "<group>"; };
		FE6583AE290750AF00D11028 /* Dashboard.storyboard */ = {isa = PBXFileReference; lastKnownFileType = file.storyboard; path = Dashboard.storyboard; sourceTree = "<group>"; };
		FE6583B12907515000D11028 /* DashboardViewController.swift */ = {isa = PBXFileReference; lastKnownFileType = sourcecode.swift; path = DashboardViewController.swift; sourceTree = "<group>"; };
/* End PBXFileReference section */

/* Begin PBXFrameworksBuildPhase section */
		FE6583722906DCEE00D11028 /* Frameworks */ = {
			isa = PBXFrameworksBuildPhase;
			buildActionMask = 2147483647;
			files = (
				FE65838E2906DD5C00D11028 /* SQLite in Frameworks */,
			);
			runOnlyForDeploymentPostprocessing = 0;
		};
/* End PBXFrameworksBuildPhase section */

/* Begin PBXGroup section */
		FE1EA3C729089DAA008FEDC2 /* NewTicket */ = {
			isa = PBXGroup;
			children = (
				FE1EA3C829089DBE008FEDC2 /* NewTicketViewController.swift */,
			);
			path = NewTicket;
			sourceTree = "<group>";
		};
		FE1EA3D12909DD9C008FEDC2 /* Views */ = {
			isa = PBXGroup;
			children = (
				FE1EA3D22909DDA1008FEDC2 /* TableViews */,
			);
			path = Views;
			sourceTree = "<group>";
		};
		FE1EA3D22909DDA1008FEDC2 /* TableViews */ = {
			isa = PBXGroup;
			children = (
				FE1EA3C12908373B008FEDC2 /* TicketTableViewCell.swift */,
				FE1EA3C22908373B008FEDC2 /* TicketTableViewCell.xib */,
			);
			path = TableViews;
			sourceTree = "<group>";
		};
		FE1EA3D52909FC03008FEDC2 /* CalendarView */ = {
			isa = PBXGroup;
			children = (
				FE1EA3D32909EFDE008FEDC2 /* CalendarViewController.swift */,
			);
			path = CalendarView;
			sourceTree = "<group>";
		};
		FE65836C2906DCEE00D11028 = {
			isa = PBXGroup;
			children = (
				FE6583772906DCEE00D11028 /* WorkTicket */,
				FE6583762906DCEE00D11028 /* Products */,
			);
			sourceTree = "<group>";
		};
		FE6583762906DCEE00D11028 /* Products */ = {
			isa = PBXGroup;
			children = (
				FE6583752906DCEE00D11028 /* WorkTicket.app */,
			);
			name = Products;
			sourceTree = "<group>";
		};
		FE6583772906DCEE00D11028 /* WorkTicket */ = {
			isa = PBXGroup;
			children = (
				FE6583782906DCEE00D11028 /* AppDelegate.swift */,
				FE65837A2906DCEE00D11028 /* SceneDelegate.swift */,
				FE65839A29073AC500D11028 /* LoginView */,
				FE6583B02907513F00D11028 /* DashboardView */,
				FE1EA3C729089DAA008FEDC2 /* NewTicket */,
				FE1EA3D52909FC03008FEDC2 /* CalendarView */,
				FE6583972906E9A300D11028 /* SQLite */,
				FE6583902906E15100D11028 /* Models */,
				FE6583A829074F1B00D11028 /* Interactors */,
				FE1EA3D12909DD9C008FEDC2 /* Views */,
				FE6583AB29074F6000D11028 /* API */,
				FE65839D2907402100D11028 /* Resources */,
				FE6583A2290746E100D11028 /* Helpers */,
				FE65837E2906DCEE00D11028 /* Main.storyboard */,
				FE6583AE290750AF00D11028 /* Dashboard.storyboard */,
				FE6583812906DCEF00D11028 /* Assets.xcassets */,
				FE6583832906DCEF00D11028 /* LaunchScreen.storyboard */,
				FE6583862906DCEF00D11028 /* Info.plist */,
			);
			path = WorkTicket;
			sourceTree = "<group>";
		};
		FE6583902906E15100D11028 /* Models */ = {
			isa = PBXGroup;
			children = (
				FE6583912906E15700D11028 /* Ticket.swift */,
			);
			path = Models;
			sourceTree = "<group>";
		};
		FE6583972906E9A300D11028 /* SQLite */ = {
			isa = PBXGroup;
			children = (
				FE6583932906E3D600D11028 /* SQLiteStore.swift */,
				FE6583952906E99100D11028 /* SQLiteStore-Extension.swift */,
			);
			path = SQLite;
			sourceTree = "<group>";
		};
		FE65839A29073AC500D11028 /* LoginView */ = {
			isa = PBXGroup;
			children = (
				FE65837C2906DCEE00D11028 /* LoginViewController.swift */,
				FE65839B29073ADA00D11028 /* LoginView-Extension.swift */,
				FE6583A0290743B200D11028 /* LoginViewModel.swift */,
			);
			path = LoginView;
			sourceTree = "<group>";
		};
		FE65839D2907402100D11028 /* Resources */ = {
			isa = PBXGroup;
			children = (
				FE65839E2907402F00D11028 /* DesignableUITextField.swift */,
			);
			path = Resources;
			sourceTree = "<group>";
		};
		FE6583A2290746E100D11028 /* Helpers */ = {
			isa = PBXGroup;
			children = (
				FE6583A529074C0200D11028 /* Extensions */,
			);
			path = Helpers;
			sourceTree = "<group>";
		};
		FE6583A529074C0200D11028 /* Extensions */ = {
			isa = PBXGroup;
			children = (
				FE6583A629074C0D00D11028 /* ExtensionUIViewController.swift */,
				FE1EA3CA29095C10008FEDC2 /* ExtensionInt.swift */,
				FE1EA3CC29095C1B008FEDC2 /* ExtensionDate.swift */,
			);
			path = Extensions;
			sourceTree = "<group>";
		};
		FE6583A829074F1B00D11028 /* Interactors */ = {
			isa = PBXGroup;
			children = (
				FE6583A929074F3D00D11028 /* LoginInteractor.swift */,
			);
			path = Interactors;
			sourceTree = "<group>";
		};
		FE6583AB29074F6000D11028 /* API */ = {
			isa = PBXGroup;
			children = (
				FE6583AC29074F6D00D11028 /* LoginAPI.swift */,
			);
			path = API;
			sourceTree = "<group>";
		};
		FE6583B02907513F00D11028 /* DashboardView */ = {
			isa = PBXGroup;
			children = (
				FE6583B12907515000D11028 /* DashboardViewController.swift */,
				FE1EA3BB290832DE008FEDC2 /* Dashboard-Extension.swift */,
				FE1EA3C529089595008FEDC2 /* DashboardViewModel.swift */,
			);
			path = DashboardView;
			sourceTree = "<group>";
		};
/* End PBXGroup section */

/* Begin PBXNativeTarget section */
		FE6583742906DCEE00D11028 /* WorkTicket */ = {
			isa = PBXNativeTarget;
			buildConfigurationList = FE6583892906DCEF00D11028 /* Build configuration list for PBXNativeTarget "WorkTicket" */;
			buildPhases = (
				FE6583712906DCEE00D11028 /* Sources */,
				FE6583722906DCEE00D11028 /* Frameworks */,
				FE6583732906DCEE00D11028 /* Resources */,
			);
			buildRules = (
			);
			dependencies = (
			);
			name = WorkTicket;
			packageProductDependencies = (
				FE65838D2906DD5C00D11028 /* SQLite */,
			);
			productName = WorkTicket;
			productReference = FE6583752906DCEE00D11028 /* WorkTicket.app */;
			productType = "com.apple.product-type.application";
		};
/* End PBXNativeTarget section */

/* Begin PBXProject section */
		FE65836D2906DCEE00D11028 /* Project object */ = {
			isa = PBXProject;
			attributes = {
				BuildIndependentTargetsInParallel = 1;
				LastSwiftUpdateCheck = 1340;
				LastUpgradeCheck = 1340;
				TargetAttributes = {
					FE6583742906DCEE00D11028 = {
						CreatedOnToolsVersion = 13.4.1;
					};
				};
			};
			buildConfigurationList = FE6583702906DCEE00D11028 /* Build configuration list for PBXProject "WorkTicket" */;
			compatibilityVersion = "Xcode 13.0";
			developmentRegion = en;
			hasScannedForEncodings = 0;
			knownRegions = (
				en,
				Base,
			);
			mainGroup = FE65836C2906DCEE00D11028;
			packageReferences = (
				FE65838C2906DD5C00D11028 /* XCRemoteSwiftPackageReference "SQLite.swift" */,
			);
			productRefGroup = FE6583762906DCEE00D11028 /* Products */;
			projectDirPath = "";
			projectRoot = "";
			targets = (
				FE6583742906DCEE00D11028 /* WorkTicket */,
			);
		};
/* End PBXProject section */

/* Begin PBXResourcesBuildPhase section */
		FE6583732906DCEE00D11028 /* Resources */ = {
			isa = PBXResourcesBuildPhase;
			buildActionMask = 2147483647;
			files = (
				FE6583852906DCEF00D11028 /* LaunchScreen.storyboard in Resources */,
				FE6583822906DCEF00D11028 /* Assets.xcassets in Resources */,
				FE1EA3C42908373B008FEDC2 /* TicketTableViewCell.xib in Resources */,
				FE6583802906DCEE00D11028 /* Main.storyboard in Resources */,
				FE6583AF290750AF00D11028 /* Dashboard.storyboard in Resources */,
			);
			runOnlyForDeploymentPostprocessing = 0;
		};
/* End PBXResourcesBuildPhase section */

/* Begin PBXSourcesBuildPhase section */
		FE6583712906DCEE00D11028 /* Sources */ = {
			isa = PBXSourcesBuildPhase;
			buildActionMask = 2147483647;
			files = (
				FE1EA3D42909EFDE008FEDC2 /* CalendarViewController.swift in Sources */,
				FE6583A729074C0D00D11028 /* ExtensionUIViewController.swift in Sources */,
				FE6583B22907515000D11028 /* DashboardViewController.swift in Sources */,
				FE1EA3CB29095C10008FEDC2 /* ExtensionInt.swift in Sources */,
				FE65837D2906DCEE00D11028 /* LoginViewController.swift in Sources */,
				FE6583942906E3D600D11028 /* SQLiteStore.swift in Sources */,
				FE6583792906DCEE00D11028 /* AppDelegate.swift in Sources */,
				FE65839F2907402F00D11028 /* DesignableUITextField.swift in Sources */,
				FE65839C29073ADA00D11028 /* LoginView-Extension.swift in Sources */,
				FE6583AD29074F6D00D11028 /* LoginAPI.swift in Sources */,
				FE1EA3C629089595008FEDC2 /* DashboardViewModel.swift in Sources */,
				FE65837B2906DCEE00D11028 /* SceneDelegate.swift in Sources */,
				FE1EA3BC290832DE008FEDC2 /* Dashboard-Extension.swift in Sources */,
				FE1EA3CD29095C1B008FEDC2 /* ExtensionDate.swift in Sources */,
				FE1EA3C32908373B008FEDC2 /* TicketTableViewCell.swift in Sources */,
				FE6583AA29074F3D00D11028 /* LoginInteractor.swift in Sources */,
				FE6583922906E15700D11028 /* Ticket.swift in Sources */,
				FE1EA3C929089DBE008FEDC2 /* NewTicketViewController.swift in Sources */,
				FE6583962906E99100D11028 /* SQLiteStore-Extension.swift in Sources */,
				FE6583A1290743B200D11028 /* LoginViewModel.swift in Sources */,
			);
			runOnlyForDeploymentPostprocessing = 0;
		};
/* End PBXSourcesBuildPhase section */

/* Begin PBXVariantGroup section */
		FE65837E2906DCEE00D11028 /* Main.storyboard */ = {
			isa = PBXVariantGroup;
			children = (
				FE65837F2906DCEE00D11028 /* Base */,
			);
			name = Main.storyboard;
			sourceTree = "<group>";
		};
		FE6583832906DCEF00D11028 /* LaunchScreen.storyboard */ = {
			isa = PBXVariantGroup;
			children = (
				FE6583842906DCEF00D11028 /* Base */,
			);
			name = LaunchScreen.storyboard;
			sourceTree = "<group>";
		};
/* End PBXVariantGroup section */

/* Begin XCBuildConfiguration section */
		FE6583872906DCEF00D11028 /* Debug */ = {
			isa = XCBuildConfiguration;
			buildSettings = {
				ALWAYS_SEARCH_USER_PATHS = NO;
				CLANG_ANALYZER_NONNULL = YES;
				CLANG_ANALYZER_NUMBER_OBJECT_CONVERSION = YES_AGGRESSIVE;
				CLANG_CXX_LANGUAGE_STANDARD = "gnu++17";
				CLANG_ENABLE_MODULES = YES;
				CLANG_ENABLE_OBJC_ARC = YES;
				CLANG_ENABLE_OBJC_WEAK = YES;
				CLANG_WARN_BLOCK_CAPTURE_AUTORELEASING = YES;
				CLANG_WARN_BOOL_CONVERSION = YES;
				CLANG_WARN_COMMA = YES;
				CLANG_WARN_CONSTANT_CONVERSION = YES;
				CLANG_WARN_DEPRECATED_OBJC_IMPLEMENTATIONS = YES;
				CLANG_WARN_DIRECT_OBJC_ISA_USAGE = YES_ERROR;
				CLANG_WARN_DOCUMENTATION_COMMENTS = YES;
				CLANG_WARN_EMPTY_BODY = YES;
				CLANG_WARN_ENUM_CONVERSION = YES;
				CLANG_WARN_INFINITE_RECURSION = YES;
				CLANG_WARN_INT_CONVERSION = YES;
				CLANG_WARN_NON_LITERAL_NULL_CONVERSION = YES;
				CLANG_WARN_OBJC_IMPLICIT_RETAIN_SELF = YES;
				CLANG_WARN_OBJC_LITERAL_CONVERSION = YES;
				CLANG_WARN_OBJC_ROOT_CLASS = YES_ERROR;
				CLANG_WARN_QUOTED_INCLUDE_IN_FRAMEWORK_HEADER = YES;
				CLANG_WARN_RANGE_LOOP_ANALYSIS = YES;
				CLANG_WARN_STRICT_PROTOTYPES = YES;
				CLANG_WARN_SUSPICIOUS_MOVE = YES;
				CLANG_WARN_UNGUARDED_AVAILABILITY = YES_AGGRESSIVE;
				CLANG_WARN_UNREACHABLE_CODE = YES;
				CLANG_WARN__DUPLICATE_METHOD_MATCH = YES;
				COPY_PHASE_STRIP = NO;
				DEBUG_INFORMATION_FORMAT = dwarf;
				ENABLE_STRICT_OBJC_MSGSEND = YES;
				ENABLE_TESTABILITY = YES;
				GCC_C_LANGUAGE_STANDARD = gnu11;
				GCC_DYNAMIC_NO_PIC = NO;
				GCC_NO_COMMON_BLOCKS = YES;
				GCC_OPTIMIZATION_LEVEL = 0;
				GCC_PREPROCESSOR_DEFINITIONS = (
					"DEBUG=1",
					"$(inherited)",
				);
				GCC_WARN_64_TO_32_BIT_CONVERSION = YES;
				GCC_WARN_ABOUT_RETURN_TYPE = YES_ERROR;
				GCC_WARN_UNDECLARED_SELECTOR = YES;
				GCC_WARN_UNINITIALIZED_AUTOS = YES_AGGRESSIVE;
				GCC_WARN_UNUSED_FUNCTION = YES;
				GCC_WARN_UNUSED_VARIABLE = YES;
				IPHONEOS_DEPLOYMENT_TARGET = 15.5;
				MTL_ENABLE_DEBUG_INFO = INCLUDE_SOURCE;
				MTL_FAST_MATH = YES;
				ONLY_ACTIVE_ARCH = YES;
				SDKROOT = iphoneos;
				SWIFT_ACTIVE_COMPILATION_CONDITIONS = DEBUG;
				SWIFT_OPTIMIZATION_LEVEL = "-Onone";
			};
			name = Debug;
		};
		FE6583882906DCEF00D11028 /* Release */ = {
			isa = XCBuildConfiguration;
			buildSettings = {
				ALWAYS_SEARCH_USER_PATHS = NO;
				CLANG_ANALYZER_NONNULL = YES;
				CLANG_ANALYZER_NUMBER_OBJECT_CONVERSION = YES_AGGRESSIVE;
				CLANG_CXX_LANGUAGE_STANDARD = "gnu++17";
				CLANG_ENABLE_MODULES = YES;
				CLANG_ENABLE_OBJC_ARC = YES;
				CLANG_ENABLE_OBJC_WEAK = YES;
				CLANG_WARN_BLOCK_CAPTURE_AUTORELEASING = YES;
				CLANG_WARN_BOOL_CONVERSION = YES;
				CLANG_WARN_COMMA = YES;
				CLANG_WARN_CONSTANT_CONVERSION = YES;
				CLANG_WARN_DEPRECATED_OBJC_IMPLEMENTATIONS = YES;
				CLANG_WARN_DIRECT_OBJC_ISA_USAGE = YES_ERROR;
				CLANG_WARN_DOCUMENTATION_COMMENTS = YES;
				CLANG_WARN_EMPTY_BODY = YES;
				CLANG_WARN_ENUM_CONVERSION = YES;
				CLANG_WARN_INFINITE_RECURSION = YES;
				CLANG_WARN_INT_CONVERSION = YES;
				CLANG_WARN_NON_LITERAL_NULL_CONVERSION = YES;
				CLANG_WARN_OBJC_IMPLICIT_RETAIN_SELF = YES;
				CLANG_WARN_OBJC_LITERAL_CONVERSION = YES;
				CLANG_WARN_OBJC_ROOT_CLASS = YES_ERROR;
				CLANG_WARN_QUOTED_INCLUDE_IN_FRAMEWORK_HEADER = YES;
				CLANG_WARN_RANGE_LOOP_ANALYSIS = YES;
				CLANG_WARN_STRICT_PROTOTYPES = YES;
				CLANG_WARN_SUSPICIOUS_MOVE = YES;
				CLANG_WARN_UNGUARDED_AVAILABILITY = YES_AGGRESSIVE;
				CLANG_WARN_UNREACHABLE_CODE = YES;
				CLANG_WARN__DUPLICATE_METHOD_MATCH = YES;
				COPY_PHASE_STRIP = NO;
				DEBUG_INFORMATION_FORMAT = "dwarf-with-dsym";
				ENABLE_NS_ASSERTIONS = NO;
				ENABLE_STRICT_OBJC_MSGSEND = YES;
				GCC_C_LANGUAGE_STANDARD = gnu11;
				GCC_NO_COMMON_BLOCKS = YES;
				GCC_WARN_64_TO_32_BIT_CONVERSION = YES;
				GCC_WARN_ABOUT_RETURN_TYPE = YES_ERROR;
				GCC_WARN_UNDECLARED_SELECTOR = YES;
				GCC_WARN_UNINITIALIZED_AUTOS = YES_AGGRESSIVE;
				GCC_WARN_UNUSED_FUNCTION = YES;
				GCC_WARN_UNUSED_VARIABLE = YES;
				IPHONEOS_DEPLOYMENT_TARGET = 15.5;
				MTL_ENABLE_DEBUG_INFO = NO;
				MTL_FAST_MATH = YES;
				SDKROOT = iphoneos;
				SWIFT_COMPILATION_MODE = wholemodule;
				SWIFT_OPTIMIZATION_LEVEL = "-O";
				VALIDATE_PRODUCT = YES;
			};
			name = Release;
		};
		FE65838A2906DCEF00D11028 /* Debug */ = {
			isa = XCBuildConfiguration;
			buildSettings = {
				ASSETCATALOG_COMPILER_APPICON_NAME = AppIcon;
				ASSETCATALOG_COMPILER_GLOBAL_ACCENT_COLOR_NAME = AccentColor;
				CODE_SIGN_STYLE = Automatic;
				CURRENT_PROJECT_VERSION = 1;
				GENERATE_INFOPLIST_FILE = YES;
				INFOPLIST_FILE = WorkTicket/Info.plist;
				INFOPLIST_KEY_UIApplicationSupportsIndirectInputEvents = YES;
				INFOPLIST_KEY_UILaunchStoryboardName = LaunchScreen;
				INFOPLIST_KEY_UIMainStoryboardFile = Main;
				INFOPLIST_KEY_UISupportedInterfaceOrientations_iPad = "UIInterfaceOrientationLandscapeLeft UIInterfaceOrientationLandscapeRight UIInterfaceOrientationPortrait UIInterfaceOrientationPortraitUpsideDown";
				INFOPLIST_KEY_UISupportedInterfaceOrientations_iPhone = "UIInterfaceOrientationPortrait UIInterfaceOrientationLandscapeLeft UIInterfaceOrientationLandscapeRight";
				IPHONEOS_DEPLOYMENT_TARGET = 16.0;
				LD_RUNPATH_SEARCH_PATHS = (
					"$(inherited)",
					"@executable_path/Frameworks",
				);
				MARKETING_VERSION = 1.0;
				PRODUCT_BUNDLE_IDENTIFIER = com.JuanLandy.WorkTicket;
				PRODUCT_NAME = "$(TARGET_NAME)";
				SWIFT_EMIT_LOC_STRINGS = YES;
				SWIFT_VERSION = 5.0;
				TARGETED_DEVICE_FAMILY = 2;
			};
			name = Debug;
		};
		FE65838B2906DCEF00D11028 /* Release */ = {
			isa = XCBuildConfiguration;
			buildSettings = {
				ASSETCATALOG_COMPILER_APPICON_NAME = AppIcon;
				ASSETCATALOG_COMPILER_GLOBAL_ACCENT_COLOR_NAME = AccentColor;
				CODE_SIGN_STYLE = Automatic;
				CURRENT_PROJECT_VERSION = 1;
				GENERATE_INFOPLIST_FILE = YES;
				INFOPLIST_FILE = WorkTicket/Info.plist;
				INFOPLIST_KEY_UIApplicationSupportsIndirectInputEvents = YES;
				INFOPLIST_KEY_UILaunchStoryboardName = LaunchScreen;
				INFOPLIST_KEY_UIMainStoryboardFile = Main;
				INFOPLIST_KEY_UISupportedInterfaceOrientations_iPad = "UIInterfaceOrientationLandscapeLeft UIInterfaceOrientationLandscapeRight UIInterfaceOrientationPortrait UIInterfaceOrientationPortraitUpsideDown";
				INFOPLIST_KEY_UISupportedInterfaceOrientations_iPhone = "UIInterfaceOrientationPortrait UIInterfaceOrientationLandscapeLeft UIInterfaceOrientationLandscapeRight";
				IPHONEOS_DEPLOYMENT_TARGET = 16.0;
				LD_RUNPATH_SEARCH_PATHS = (
					"$(inherited)",
					"@executable_path/Frameworks",
				);
				MARKETING_VERSION = 1.0;
				PRODUCT_BUNDLE_IDENTIFIER = com.JuanLandy.WorkTicket;
				PRODUCT_NAME = "$(TARGET_NAME)";
				SWIFT_EMIT_LOC_STRINGS = YES;
				SWIFT_VERSION = 5.0;
				TARGETED_DEVICE_FAMILY = 2;
			};
			name = Release;
		};
/* End XCBuildConfiguration section */

/* Begin XCConfigurationList section */
		FE6583702906DCEE00D11028 /* Build configuration list for PBXProject "WorkTicket" */ = {
			isa = XCConfigurationList;
			buildConfigurations = (
				FE6583872906DCEF00D11028 /* Debug */,
				FE6583882906DCEF00D11028 /* Release */,
			);
			defaultConfigurationIsVisible = 0;
			defaultConfigurationName = Release;
		};
		FE6583892906DCEF00D11028 /* Build configuration list for PBXNativeTarget "WorkTicket" */ = {
			isa = XCConfigurationList;
			buildConfigurations = (
				FE65838A2906DCEF00D11028 /* Debug */,
				FE65838B2906DCEF00D11028 /* Release */,
			);
			defaultConfigurationIsVisible = 0;
			defaultConfigurationName = Release;
		};
/* End XCConfigurationList section */

/* Begin XCRemoteSwiftPackageReference section */
		FE65838C2906DD5C00D11028 /* XCRemoteSwiftPackageReference "SQLite.swift" */ = {
			isa = XCRemoteSwiftPackageReference;
			repositoryURL = "https://github.com/stephencelis/SQLite.swift.git";
			requirement = {
				kind = upToNextMajorVersion;
				minimumVersion = 0.9.2;
			};
		};
/* End XCRemoteSwiftPackageReference section */

/* Begin XCSwiftPackageProductDependency section */
		FE65838D2906DD5C00D11028 /* SQLite */ = {
			isa = XCSwiftPackageProductDependency;
			package = FE65838C2906DD5C00D11028 /* XCRemoteSwiftPackageReference "SQLite.swift" */;
			productName = SQLite;
		};
/* End XCSwiftPackageProductDependency section */
	};
	rootObject = FE65836D2906DCEE00D11028 /* Project object */;
}
